
Microsoft Visual Studio Solution File, Format Version 12.00
# Visual Studio Version 16
VisualStudioVersion = 16.0.30011.22
MinimumVisualStudioVersion = 10.0.40219.1
Project("{FAE04EC0-301F-11D3-BF4B-00C04F79EFBC}") = "AFManagedServiceIdentity", "AFManagedServiceIdentity\AFManagedServiceIdentity.csproj", "{E76D4211-ACD5-4DC2-B790-EBE9C64F24E5}"
EndProject
Global
	GlobalSection(SolutionConfigurationPlatforms) = preSolution
		Debug|Any CPU = Debug|Any CPU
		Release|Any CPU = Release|Any CPU
	EndGlobalSection
	GlobalSection(ProjectConfigurationPlatforms) = postSolution
		{E76D4211-ACD5-4DC2-B790-EBE9C64F24E5}.Debug|Any CPU.ActiveCfg = Debug|Any CPU
		{E76D4211-ACD5-4DC2-B790-EBE9C64F24E5}.Debug|Any CPU.Build.0 = Debug|Any CPU
		{E76D4211-ACD5-4DC2-B790-EBE9C64F24E5}.Release|Any CPU.ActiveCfg = Release|Any CPU
		{E76D4211-ACD5-4DC2-B790-EBE9C64F24E5}.Release|Any CPU.Build.0 = Release|Any CPU
	EndGlobalSection
	GlobalSection(SolutionProperties) = preSolution
		HideSolutionNode = FALSE
	EndGlobalSection
	GlobalSection(ExtensibilityGlobals) = postSolution
		SolutionGuid = {995A949D-D0B1-41F8-BCC1-E5E617879A2A}
	EndGlobalSection
EndGlobal
